
Microsoft Visual Studio Solution File, Format Version 12.00
# Visual Studio 2012
Project("{FAE04EC0-301F-11D3-BF4B-00C04F79EFBC}") = "EFModelDB", "EFModelDB\EFModelDB.csproj", "{63101DE0-CB91-4FE0-BA99-E77702A9EB66}"
EndProject
Project("{FAE04EC0-301F-11D3-BF4B-00C04F79EFBC}") = "01.PerfomanceEmployee", "01.PerfomanceEmployee\01.PerfomanceEmployee.csproj", "{B61865D7-6EE4-447E-8946-CCB23C4010A0}"
EndProject
Project("{FAE04EC0-301F-11D3-BF4B-00C04F79EFBC}") = "02.PerfomanceToList", "02.PerfomanceToList\02.PerfomanceToList.csproj", "{AD85968B-682D-46E5-B954-8DD043ABE77A}"
EndProject
Global
	GlobalSection(SolutionConfigurationPlatforms) = preSolution
		Debug|Any CPU = Debug|Any CPU
		Release|Any CPU = Release|Any CPU
	EndGlobalSection
	GlobalSection(ProjectConfigurationPlatforms) = postSolution
		{63101DE0-CB91-4FE0-BA99-E77702A9EB66}.Debug|Any CPU.ActiveCfg = Debug|Any CPU
		{63101DE0-CB91-4FE0-BA99-E77702A9EB66}.Debug|Any CPU.Build.0 = Debug|Any CPU
		{63101DE0-CB91-4FE0-BA99-E77702A9EB66}.Release|Any CPU.ActiveCfg = Release|Any CPU
		{63101DE0-CB91-4FE0-BA99-E77702A9EB66}.Release|Any CPU.Build.0 = Release|Any CPU
		{B61865D7-6EE4-447E-8946-CCB23C4010A0}.Debug|Any CPU.ActiveCfg = Debug|Any CPU
		{B61865D7-6EE4-447E-8946-CCB23C4010A0}.Debug|Any CPU.Build.0 = Debug|Any CPU
		{B61865D7-6EE4-447E-8946-CCB23C4010A0}.Release|Any CPU.ActiveCfg = Release|Any CPU
		{B61865D7-6EE4-447E-8946-CCB23C4010A0}.Release|Any CPU.Build.0 = Release|Any CPU
		{AD85968B-682D-46E5-B954-8DD043ABE77A}.Debug|Any CPU.ActiveCfg = Debug|Any CPU
		{AD85968B-682D-46E5-B954-8DD043ABE77A}.Debug|Any CPU.Build.0 = Debug|Any CPU
		{AD85968B-682D-46E5-B954-8DD043ABE77A}.Release|Any CPU.ActiveCfg = Release|Any CPU
		{AD85968B-682D-46E5-B954-8DD043ABE77A}.Release|Any CPU.Build.0 = Release|Any CPU
	EndGlobalSection
	GlobalSection(SolutionProperties) = preSolution
		HideSolutionNode = FALSE
	EndGlobalSection
EndGlobal
