
Microsoft Visual Studio Solution File, Format Version 12.00
# Visual Studio 2012
Project("{FAE04EC0-301F-11D3-BF4B-00C04F79EFBC}") = "BattleGame.Server", "BattleGame.Server\BattleGame.Server.csproj", "{696A232F-3494-48D2-ACB3-9F5736900242}"
EndProject
Project("{E24C65DC-7377-472B-9ABA-BC803B73C61A}") = "Battle-Game.WebClient", "http://localhost:50482", "{C083B2E5-2ABC-46C5-8288-451F63FB2CD4}"
	ProjectSection(WebsiteProperties) = preProject
		UseIISExpress = "true"
		TargetFrameworkMoniker = ".NETFramework,Version%3Dv4.5"
		Debug.AspNetCompiler.VirtualPath = "/localhost_50482"
		Debug.AspNetCompiler.PhysicalPath = "..\..\Battle-Game.WebClient\"
		Debug.AspNetCompiler.TargetPath = "PrecompiledWeb\localhost_50482\"
		Debug.AspNetCompiler.Updateable = "true"
		Debug.AspNetCompiler.ForceOverwrite = "true"
		Debug.AspNetCompiler.FixedNames = "false"
		Debug.AspNetCompiler.Debug = "True"
		Release.AspNetCompiler.VirtualPath = "/localhost_50482"
		Release.AspNetCompiler.PhysicalPath = "..\..\Battle-Game.WebClient\"
		Release.AspNetCompiler.TargetPath = "PrecompiledWeb\localhost_50482\"
		Release.AspNetCompiler.Updateable = "true"
		Release.AspNetCompiler.ForceOverwrite = "true"
		Release.AspNetCompiler.FixedNames = "false"
		Release.AspNetCompiler.Debug = "False"
		SlnRelativePath = "..\..\Battle-Game.WebClient\"
		DefaultWebSiteLanguage = "Visual C#"
	EndProjectSection
EndProject
Global
	GlobalSection(SolutionConfigurationPlatforms) = preSolution
		Debug|Any CPU = Debug|Any CPU
		Release|Any CPU = Release|Any CPU
	EndGlobalSection
	GlobalSection(ProjectConfigurationPlatforms) = postSolution
		{696A232F-3494-48D2-ACB3-9F5736900242}.Debug|Any CPU.ActiveCfg = Debug|Any CPU
		{696A232F-3494-48D2-ACB3-9F5736900242}.Debug|Any CPU.Build.0 = Debug|Any CPU
		{696A232F-3494-48D2-ACB3-9F5736900242}.Release|Any CPU.ActiveCfg = Release|Any CPU
		{696A232F-3494-48D2-ACB3-9F5736900242}.Release|Any CPU.Build.0 = Release|Any CPU
		{C083B2E5-2ABC-46C5-8288-451F63FB2CD4}.Debug|Any CPU.ActiveCfg = Debug|Any CPU
		{C083B2E5-2ABC-46C5-8288-451F63FB2CD4}.Debug|Any CPU.Build.0 = Debug|Any CPU
		{C083B2E5-2ABC-46C5-8288-451F63FB2CD4}.Release|Any CPU.ActiveCfg = Debug|Any CPU
		{C083B2E5-2ABC-46C5-8288-451F63FB2CD4}.Release|Any CPU.Build.0 = Debug|Any CPU
	EndGlobalSection
	GlobalSection(SolutionProperties) = preSolution
		HideSolutionNode = FALSE
	EndGlobalSection
EndGlobal
