
Microsoft Visual Studio Solution File, Format Version 12.00
# Visual Studio 2012
Project("{FAE04EC0-301F-11D3-BF4B-00C04F79EFBC}") = "01.SortedCoursesWithStudents", "01.SortedCoursesWithStudents\01.SortedCoursesWithStudents.csproj", "{87472E5A-3B7E-423C-B283-71A9E35EB3B9}"
EndProject
Project("{FAE04EC0-301F-11D3-BF4B-00C04F79EFBC}") = "02.SearchingInMillionsOfArticles", "02.SearchingInMillionsOfArticles\02.SearchingInMillionsOfArticles.csproj", "{4E9A8BA3-8E6E-4B16-848C-78657973CB88}"
EndProject
Project("{FAE04EC0-301F-11D3-BF4B-00C04F79EFBC}") = "03.BiDictionaryImplementing", "03.BiDictionaryImplementing\03.BiDictionaryImplementing.csproj", "{A9583769-28F5-4FCC-9715-0FC792E5142C}"
EndProject
Global
	GlobalSection(SolutionConfigurationPlatforms) = preSolution
		Debug|Any CPU = Debug|Any CPU
		Release|Any CPU = Release|Any CPU
	EndGlobalSection
	GlobalSection(ProjectConfigurationPlatforms) = postSolution
		{87472E5A-3B7E-423C-B283-71A9E35EB3B9}.Debug|Any CPU.ActiveCfg = Debug|Any CPU
		{87472E5A-3B7E-423C-B283-71A9E35EB3B9}.Debug|Any CPU.Build.0 = Debug|Any CPU
		{87472E5A-3B7E-423C-B283-71A9E35EB3B9}.Release|Any CPU.ActiveCfg = Release|Any CPU
		{87472E5A-3B7E-423C-B283-71A9E35EB3B9}.Release|Any CPU.Build.0 = Release|Any CPU
		{4E9A8BA3-8E6E-4B16-848C-78657973CB88}.Debug|Any CPU.ActiveCfg = Debug|Any CPU
		{4E9A8BA3-8E6E-4B16-848C-78657973CB88}.Debug|Any CPU.Build.0 = Debug|Any CPU
		{4E9A8BA3-8E6E-4B16-848C-78657973CB88}.Release|Any CPU.ActiveCfg = Release|Any CPU
		{4E9A8BA3-8E6E-4B16-848C-78657973CB88}.Release|Any CPU.Build.0 = Release|Any CPU
		{A9583769-28F5-4FCC-9715-0FC792E5142C}.Debug|Any CPU.ActiveCfg = Debug|Any CPU
		{A9583769-28F5-4FCC-9715-0FC792E5142C}.Debug|Any CPU.Build.0 = Debug|Any CPU
		{A9583769-28F5-4FCC-9715-0FC792E5142C}.Release|Any CPU.ActiveCfg = Release|Any CPU
		{A9583769-28F5-4FCC-9715-0FC792E5142C}.Release|Any CPU.Build.0 = Release|Any CPU
	EndGlobalSection
	GlobalSection(SolutionProperties) = preSolution
		HideSolutionNode = FALSE
	EndGlobalSection
EndGlobal
