
Microsoft Visual Studio Solution File, Format Version 12.00
# Visual Studio 2012
Project("{FAE04EC0-301F-11D3-BF4B-00C04F79EFBC}") = "01.ImplementPriorityQueue", "01.ImplementPriorityQueue\01.ImplementPriorityQueue.csproj", "{379E07D5-BE43-494D-84B5-988ECC97B422}"
EndProject
Project("{FAE04EC0-301F-11D3-BF4B-00C04F79EFBC}") = "02.FindFirstProducts", "02.FindFirstProducts\02.FindFirstProducts.csproj", "{DDBA1361-49AD-4D58-B53F-33C4847BC1B9}"
EndProject
Project("{FAE04EC0-301F-11D3-BF4B-00C04F79EFBC}") = "03.FindsSetOfWords", "03.FindsSetOfWords\03.FindsSetOfWords.csproj", "{4B5A800E-457E-4AB3-A5E6-DC754915CD84}"
EndProject
Global
	GlobalSection(SolutionConfigurationPlatforms) = preSolution
		Debug|Any CPU = Debug|Any CPU
		Release|Any CPU = Release|Any CPU
	EndGlobalSection
	GlobalSection(ProjectConfigurationPlatforms) = postSolution
		{379E07D5-BE43-494D-84B5-988ECC97B422}.Debug|Any CPU.ActiveCfg = Debug|Any CPU
		{379E07D5-BE43-494D-84B5-988ECC97B422}.Debug|Any CPU.Build.0 = Debug|Any CPU
		{379E07D5-BE43-494D-84B5-988ECC97B422}.Release|Any CPU.ActiveCfg = Release|Any CPU
		{379E07D5-BE43-494D-84B5-988ECC97B422}.Release|Any CPU.Build.0 = Release|Any CPU
		{DDBA1361-49AD-4D58-B53F-33C4847BC1B9}.Debug|Any CPU.ActiveCfg = Debug|Any CPU
		{DDBA1361-49AD-4D58-B53F-33C4847BC1B9}.Debug|Any CPU.Build.0 = Debug|Any CPU
		{DDBA1361-49AD-4D58-B53F-33C4847BC1B9}.Release|Any CPU.ActiveCfg = Release|Any CPU
		{DDBA1361-49AD-4D58-B53F-33C4847BC1B9}.Release|Any CPU.Build.0 = Release|Any CPU
		{4B5A800E-457E-4AB3-A5E6-DC754915CD84}.Debug|Any CPU.ActiveCfg = Debug|Any CPU
		{4B5A800E-457E-4AB3-A5E6-DC754915CD84}.Debug|Any CPU.Build.0 = Debug|Any CPU
		{4B5A800E-457E-4AB3-A5E6-DC754915CD84}.Release|Any CPU.ActiveCfg = Release|Any CPU
		{4B5A800E-457E-4AB3-A5E6-DC754915CD84}.Release|Any CPU.Build.0 = Release|Any CPU
	EndGlobalSection
	GlobalSection(SolutionProperties) = preSolution
		HideSolutionNode = FALSE
	EndGlobalSection
EndGlobal
