
Microsoft Visual Studio Solution File, Format Version 12.00
# Visual Studio 2012
Project("{FAE04EC0-301F-11D3-BF4B-00C04F79EFBC}") = "01.MessagesInABottle", "01.MessagesInABottle\01.MessagesInABottle.csproj", "{054EE2B4-D4DF-4F98-AC6E-3BE18F6EAE1F}"
EndProject
Project("{FAE04EC0-301F-11D3-BF4B-00C04F79EFBC}") = "02.AcademyTasks", "02.AcademyTasks\02.AcademyTasks.csproj", "{87EF463E-CB56-402B-B45C-092CBC1D8BA7}"
EndProject
Project("{FAE04EC0-301F-11D3-BF4B-00C04F79EFBC}") = "05.ShoppingCenter", "05.ShoppingCenter\05.ShoppingCenter.csproj", "{15527E86-1F61-4511-AE15-C39E592010CF}"
EndProject
Project("{FAE04EC0-301F-11D3-BF4B-00C04F79EFBC}") = "03.FriendInNeed", "03.FriendInNeed\03.FriendInNeed.csproj", "{6E44EF6F-9CAD-44FF-9B58-1DE653533BE2}"
EndProject
Project("{FAE04EC0-301F-11D3-BF4B-00C04F79EFBC}") = "04.RiskWinsRiskLoses", "04.RiskWinsRiskLoses\04.RiskWinsRiskLoses.csproj", "{E9C4056C-60F1-4D2A-BE02-F811C665AFC0}"
EndProject
Global
	GlobalSection(SolutionConfigurationPlatforms) = preSolution
		Debug|Any CPU = Debug|Any CPU
		Release|Any CPU = Release|Any CPU
	EndGlobalSection
	GlobalSection(ProjectConfigurationPlatforms) = postSolution
		{054EE2B4-D4DF-4F98-AC6E-3BE18F6EAE1F}.Debug|Any CPU.ActiveCfg = Debug|Any CPU
		{054EE2B4-D4DF-4F98-AC6E-3BE18F6EAE1F}.Debug|Any CPU.Build.0 = Debug|Any CPU
		{054EE2B4-D4DF-4F98-AC6E-3BE18F6EAE1F}.Release|Any CPU.ActiveCfg = Release|Any CPU
		{054EE2B4-D4DF-4F98-AC6E-3BE18F6EAE1F}.Release|Any CPU.Build.0 = Release|Any CPU
		{87EF463E-CB56-402B-B45C-092CBC1D8BA7}.Debug|Any CPU.ActiveCfg = Debug|Any CPU
		{87EF463E-CB56-402B-B45C-092CBC1D8BA7}.Debug|Any CPU.Build.0 = Debug|Any CPU
		{87EF463E-CB56-402B-B45C-092CBC1D8BA7}.Release|Any CPU.ActiveCfg = Release|Any CPU
		{87EF463E-CB56-402B-B45C-092CBC1D8BA7}.Release|Any CPU.Build.0 = Release|Any CPU
		{15527E86-1F61-4511-AE15-C39E592010CF}.Debug|Any CPU.ActiveCfg = Debug|Any CPU
		{15527E86-1F61-4511-AE15-C39E592010CF}.Debug|Any CPU.Build.0 = Debug|Any CPU
		{15527E86-1F61-4511-AE15-C39E592010CF}.Release|Any CPU.ActiveCfg = Release|Any CPU
		{15527E86-1F61-4511-AE15-C39E592010CF}.Release|Any CPU.Build.0 = Release|Any CPU
		{6E44EF6F-9CAD-44FF-9B58-1DE653533BE2}.Debug|Any CPU.ActiveCfg = Debug|Any CPU
		{6E44EF6F-9CAD-44FF-9B58-1DE653533BE2}.Debug|Any CPU.Build.0 = Debug|Any CPU
		{6E44EF6F-9CAD-44FF-9B58-1DE653533BE2}.Release|Any CPU.ActiveCfg = Release|Any CPU
		{6E44EF6F-9CAD-44FF-9B58-1DE653533BE2}.Release|Any CPU.Build.0 = Release|Any CPU
		{E9C4056C-60F1-4D2A-BE02-F811C665AFC0}.Debug|Any CPU.ActiveCfg = Debug|Any CPU
		{E9C4056C-60F1-4D2A-BE02-F811C665AFC0}.Debug|Any CPU.Build.0 = Debug|Any CPU
		{E9C4056C-60F1-4D2A-BE02-F811C665AFC0}.Release|Any CPU.ActiveCfg = Release|Any CPU
		{E9C4056C-60F1-4D2A-BE02-F811C665AFC0}.Release|Any CPU.Build.0 = Release|Any CPU
	EndGlobalSection
	GlobalSection(SolutionProperties) = preSolution
		HideSolutionNode = FALSE
	EndGlobalSection
EndGlobal
