
Microsoft Visual Studio Solution File, Format Version 12.00
# Visual Studio 2012
Project("{FAE04EC0-301F-11D3-BF4B-00C04F79EFBC}") = "01.HW-PrintMatrixNxN", "01.HW-PrintMatrixNxN\01.HW-PrintMatrixNxN.csproj", "{03B05FB8-F504-4134-AD8D-8DBD513D831D}"
EndProject
Project("{FAE04EC0-301F-11D3-BF4B-00C04F79EFBC}") = "02.HW-MaximalSum3x3", "02.HW-MaximalSum3x3\02.HW-MaximalSum3x3.csproj", "{8A6CA1A7-E132-401D-8F8D-A8E9B9284265}"
EndProject
Project("{FAE04EC0-301F-11D3-BF4B-00C04F79EFBC}") = "03.HW-LongestSequence", "03.HW-LongestSequence\03.HW-LongestSequence.csproj", "{86556163-846A-4CAB-9D6F-1BE517C2CD64}"
EndProject
Project("{FAE04EC0-301F-11D3-BF4B-00C04F79EFBC}") = "04.LargestNumberToK", "04.LargestNumberToK\04.LargestNumberToK.csproj", "{FE75C587-5D47-4BB2-8649-C637471BA080}"
EndProject
Project("{FAE04EC0-301F-11D3-BF4B-00C04F79EFBC}") = "05.HW-SortArrayByLength", "05.HW-SortArrayByLength\05.HW-SortArrayByLength.csproj", "{410BEFDE-D069-4C23-8265-B85347A375BC}"
EndProject
Global
	GlobalSection(SolutionConfigurationPlatforms) = preSolution
		Debug|Any CPU = Debug|Any CPU
		Release|Any CPU = Release|Any CPU
	EndGlobalSection
	GlobalSection(ProjectConfigurationPlatforms) = postSolution
		{03B05FB8-F504-4134-AD8D-8DBD513D831D}.Debug|Any CPU.ActiveCfg = Debug|Any CPU
		{03B05FB8-F504-4134-AD8D-8DBD513D831D}.Debug|Any CPU.Build.0 = Debug|Any CPU
		{03B05FB8-F504-4134-AD8D-8DBD513D831D}.Release|Any CPU.ActiveCfg = Release|Any CPU
		{03B05FB8-F504-4134-AD8D-8DBD513D831D}.Release|Any CPU.Build.0 = Release|Any CPU
		{8A6CA1A7-E132-401D-8F8D-A8E9B9284265}.Debug|Any CPU.ActiveCfg = Debug|Any CPU
		{8A6CA1A7-E132-401D-8F8D-A8E9B9284265}.Debug|Any CPU.Build.0 = Debug|Any CPU
		{8A6CA1A7-E132-401D-8F8D-A8E9B9284265}.Release|Any CPU.ActiveCfg = Release|Any CPU
		{8A6CA1A7-E132-401D-8F8D-A8E9B9284265}.Release|Any CPU.Build.0 = Release|Any CPU
		{86556163-846A-4CAB-9D6F-1BE517C2CD64}.Debug|Any CPU.ActiveCfg = Debug|Any CPU
		{86556163-846A-4CAB-9D6F-1BE517C2CD64}.Debug|Any CPU.Build.0 = Debug|Any CPU
		{86556163-846A-4CAB-9D6F-1BE517C2CD64}.Release|Any CPU.ActiveCfg = Release|Any CPU
		{86556163-846A-4CAB-9D6F-1BE517C2CD64}.Release|Any CPU.Build.0 = Release|Any CPU
		{FE75C587-5D47-4BB2-8649-C637471BA080}.Debug|Any CPU.ActiveCfg = Debug|Any CPU
		{FE75C587-5D47-4BB2-8649-C637471BA080}.Debug|Any CPU.Build.0 = Debug|Any CPU
		{FE75C587-5D47-4BB2-8649-C637471BA080}.Release|Any CPU.ActiveCfg = Release|Any CPU
		{FE75C587-5D47-4BB2-8649-C637471BA080}.Release|Any CPU.Build.0 = Release|Any CPU
		{410BEFDE-D069-4C23-8265-B85347A375BC}.Debug|Any CPU.ActiveCfg = Debug|Any CPU
		{410BEFDE-D069-4C23-8265-B85347A375BC}.Debug|Any CPU.Build.0 = Debug|Any CPU
		{410BEFDE-D069-4C23-8265-B85347A375BC}.Release|Any CPU.ActiveCfg = Release|Any CPU
		{410BEFDE-D069-4C23-8265-B85347A375BC}.Release|Any CPU.Build.0 = Release|Any CPU
	EndGlobalSection
	GlobalSection(SolutionProperties) = preSolution
		HideSolutionNode = FALSE
	EndGlobalSection
EndGlobal
