
Microsoft Visual Studio Solution File, Format Version 12.00
# Visual Studio 2012
Project("{FAE04EC0-301F-11D3-BF4B-00C04F79EFBC}") = "11.HW-FallingRocks", "11.HW-FallingRocks\11.HW-FallingRocks.csproj", "{800EC47C-04C5-40B7-AC86-6AC37D531738}"
EndProject
Project("{FAE04EC0-301F-11D3-BF4B-00C04F79EFBC}") = "07.HW-CalculatesSumOfN", "07.HW-CalculatesSumOfN\07.HW-CalculatesSumOfN.csproj", "{2FBD414F-22E8-49B6-BFC6-943BFFF60A44}"
EndProject
Project("{FAE04EC0-301F-11D3-BF4B-00C04F79EFBC}") = "04.HW-CountNumbersDiv5WithInterval", "04.HW-CountNumbersDiv5WithInterval\04.HW-CountNumbersDiv5WithInterval.csproj", "{6F7E5507-7C7F-46C1-AE68-C63F5E555924}"
EndProject
Project("{FAE04EC0-301F-11D3-BF4B-00C04F79EFBC}") = "05.HW-GreatherNumber", "05.HW-GreatherNumber\05.HW-GreatherNumber.csproj", "{DB56C22F-24E5-4A58-BB8B-A5CD189FCF86}"
EndProject
Project("{FAE04EC0-301F-11D3-BF4B-00C04F79EFBC}") = "06.HW-QuadraticEquation", "06.HW-QuadraticEquation\06.HW-QuadraticEquation.csproj", "{C38601BA-33D9-44FE-B691-C38AE7D50207}"
EndProject
Project("{FAE04EC0-301F-11D3-BF4B-00C04F79EFBC}") = "08.HW-PrintNumbersFrom1ToN", "08.HW-PrintNumbersFrom1ToN\08.HW-PrintNumbersFrom1ToN.csproj", "{4363036E-91FA-4884-8309-683E24183BF0}"
EndProject
Project("{FAE04EC0-301F-11D3-BF4B-00C04F79EFBC}") = "09.HW-SequenceOfFibonacci", "09.HW-SequenceOfFibonacci\09.HW-SequenceOfFibonacci.csproj", "{CF3E7508-97D1-418D-B271-4E89F38E207A}"
EndProject
Project("{FAE04EC0-301F-11D3-BF4B-00C04F79EFBC}") = "10.HW-CalculateSumWithAccuracy", "10.HW-CalculateSumWithAccuracy\10.HW-CalculateSumWithAccuracy.csproj", "{4606B507-0FA6-49E9-AB4B-F77D01360B49}"
EndProject
Project("{FAE04EC0-301F-11D3-BF4B-00C04F79EFBC}") = "01.HW-ReadFromTheConsole", "01.HW-ReadFromTheConsole\01.HW-ReadFromTheConsole.csproj", "{5A86EC06-072F-4155-BBA4-D20BCA6628D8}"
EndProject
Project("{FAE04EC0-301F-11D3-BF4B-00C04F79EFBC}") = "02.HW-PerimeterAndArea", "02.HW-PerimeterAndArea\02.HW-PerimeterAndArea.csproj", "{5F24C987-9CC9-4270-A682-43BFD25B8A5B}"
EndProject
Project("{FAE04EC0-301F-11D3-BF4B-00C04F79EFBC}") = "03.HW-FirmInfo", "03.HW-FirmInfo\03.HW-FirmInfo.csproj", "{62688729-2996-44FE-8598-E6808EA12D4B}"
EndProject
Global
	GlobalSection(SolutionConfigurationPlatforms) = preSolution
		Debug|Any CPU = Debug|Any CPU
		Release|Any CPU = Release|Any CPU
	EndGlobalSection
	GlobalSection(ProjectConfigurationPlatforms) = postSolution
		{800EC47C-04C5-40B7-AC86-6AC37D531738}.Debug|Any CPU.ActiveCfg = Debug|Any CPU
		{800EC47C-04C5-40B7-AC86-6AC37D531738}.Debug|Any CPU.Build.0 = Debug|Any CPU
		{800EC47C-04C5-40B7-AC86-6AC37D531738}.Release|Any CPU.ActiveCfg = Release|Any CPU
		{800EC47C-04C5-40B7-AC86-6AC37D531738}.Release|Any CPU.Build.0 = Release|Any CPU
		{2FBD414F-22E8-49B6-BFC6-943BFFF60A44}.Debug|Any CPU.ActiveCfg = Debug|Any CPU
		{2FBD414F-22E8-49B6-BFC6-943BFFF60A44}.Debug|Any CPU.Build.0 = Debug|Any CPU
		{2FBD414F-22E8-49B6-BFC6-943BFFF60A44}.Release|Any CPU.ActiveCfg = Release|Any CPU
		{2FBD414F-22E8-49B6-BFC6-943BFFF60A44}.Release|Any CPU.Build.0 = Release|Any CPU
		{6F7E5507-7C7F-46C1-AE68-C63F5E555924}.Debug|Any CPU.ActiveCfg = Debug|Any CPU
		{6F7E5507-7C7F-46C1-AE68-C63F5E555924}.Debug|Any CPU.Build.0 = Debug|Any CPU
		{6F7E5507-7C7F-46C1-AE68-C63F5E555924}.Release|Any CPU.ActiveCfg = Release|Any CPU
		{6F7E5507-7C7F-46C1-AE68-C63F5E555924}.Release|Any CPU.Build.0 = Release|Any CPU
		{DB56C22F-24E5-4A58-BB8B-A5CD189FCF86}.Debug|Any CPU.ActiveCfg = Debug|Any CPU
		{DB56C22F-24E5-4A58-BB8B-A5CD189FCF86}.Debug|Any CPU.Build.0 = Debug|Any CPU
		{DB56C22F-24E5-4A58-BB8B-A5CD189FCF86}.Release|Any CPU.ActiveCfg = Release|Any CPU
		{DB56C22F-24E5-4A58-BB8B-A5CD189FCF86}.Release|Any CPU.Build.0 = Release|Any CPU
		{C38601BA-33D9-44FE-B691-C38AE7D50207}.Debug|Any CPU.ActiveCfg = Debug|Any CPU
		{C38601BA-33D9-44FE-B691-C38AE7D50207}.Debug|Any CPU.Build.0 = Debug|Any CPU
		{C38601BA-33D9-44FE-B691-C38AE7D50207}.Release|Any CPU.ActiveCfg = Release|Any CPU
		{C38601BA-33D9-44FE-B691-C38AE7D50207}.Release|Any CPU.Build.0 = Release|Any CPU
		{4363036E-91FA-4884-8309-683E24183BF0}.Debug|Any CPU.ActiveCfg = Debug|Any CPU
		{4363036E-91FA-4884-8309-683E24183BF0}.Debug|Any CPU.Build.0 = Debug|Any CPU
		{4363036E-91FA-4884-8309-683E24183BF0}.Release|Any CPU.ActiveCfg = Release|Any CPU
		{4363036E-91FA-4884-8309-683E24183BF0}.Release|Any CPU.Build.0 = Release|Any CPU
		{CF3E7508-97D1-418D-B271-4E89F38E207A}.Debug|Any CPU.ActiveCfg = Debug|Any CPU
		{CF3E7508-97D1-418D-B271-4E89F38E207A}.Debug|Any CPU.Build.0 = Debug|Any CPU
		{CF3E7508-97D1-418D-B271-4E89F38E207A}.Release|Any CPU.ActiveCfg = Release|Any CPU
		{CF3E7508-97D1-418D-B271-4E89F38E207A}.Release|Any CPU.Build.0 = Release|Any CPU
		{4606B507-0FA6-49E9-AB4B-F77D01360B49}.Debug|Any CPU.ActiveCfg = Debug|Any CPU
		{4606B507-0FA6-49E9-AB4B-F77D01360B49}.Debug|Any CPU.Build.0 = Debug|Any CPU
		{4606B507-0FA6-49E9-AB4B-F77D01360B49}.Release|Any CPU.ActiveCfg = Release|Any CPU
		{4606B507-0FA6-49E9-AB4B-F77D01360B49}.Release|Any CPU.Build.0 = Release|Any CPU
		{5A86EC06-072F-4155-BBA4-D20BCA6628D8}.Debug|Any CPU.ActiveCfg = Debug|Any CPU
		{5A86EC06-072F-4155-BBA4-D20BCA6628D8}.Debug|Any CPU.Build.0 = Debug|Any CPU
		{5A86EC06-072F-4155-BBA4-D20BCA6628D8}.Release|Any CPU.ActiveCfg = Release|Any CPU
		{5A86EC06-072F-4155-BBA4-D20BCA6628D8}.Release|Any CPU.Build.0 = Release|Any CPU
		{5F24C987-9CC9-4270-A682-43BFD25B8A5B}.Debug|Any CPU.ActiveCfg = Debug|Any CPU
		{5F24C987-9CC9-4270-A682-43BFD25B8A5B}.Debug|Any CPU.Build.0 = Debug|Any CPU
		{5F24C987-9CC9-4270-A682-43BFD25B8A5B}.Release|Any CPU.ActiveCfg = Release|Any CPU
		{5F24C987-9CC9-4270-A682-43BFD25B8A5B}.Release|Any CPU.Build.0 = Release|Any CPU
		{62688729-2996-44FE-8598-E6808EA12D4B}.Debug|Any CPU.ActiveCfg = Debug|Any CPU
		{62688729-2996-44FE-8598-E6808EA12D4B}.Debug|Any CPU.Build.0 = Debug|Any CPU
		{62688729-2996-44FE-8598-E6808EA12D4B}.Release|Any CPU.ActiveCfg = Release|Any CPU
		{62688729-2996-44FE-8598-E6808EA12D4B}.Release|Any CPU.Build.0 = Release|Any CPU
	EndGlobalSection
	GlobalSection(SolutionProperties) = preSolution
		HideSolutionNode = FALSE
	EndGlobalSection
EndGlobal
