
Microsoft Visual Studio Solution File, Format Version 12.00
# Visual Studio 2012
Project("{FAE04EC0-301F-11D3-BF4B-00C04F79EFBC}") = "01.SliderAndTextBox", "01.SliderAndTextBox\01.SliderAndTextBox.csproj", "{A08EF512-F9F7-4F30-AE92-74F7E737DD69}"
EndProject
Project("{FAE04EC0-301F-11D3-BF4B-00C04F79EFBC}") = "03.SimpleWindow", "03.SimpleWindow\03.SimpleWindow.csproj", "{FFCCC93C-44EC-4584-B91F-47A4D78A0166}"
EndProject
Project("{FAE04EC0-301F-11D3-BF4B-00C04F79EFBC}") = "04.PersonData", "04.PersonData\04.PersonData.csproj", "{8CEADD4B-60C7-4BFE-92FC-4D59A1DDDD6D}"
EndProject
Global
	GlobalSection(SolutionConfigurationPlatforms) = preSolution
		Debug|Any CPU = Debug|Any CPU
		Release|Any CPU = Release|Any CPU
	EndGlobalSection
	GlobalSection(ProjectConfigurationPlatforms) = postSolution
		{A08EF512-F9F7-4F30-AE92-74F7E737DD69}.Debug|Any CPU.ActiveCfg = Debug|Any CPU
		{A08EF512-F9F7-4F30-AE92-74F7E737DD69}.Debug|Any CPU.Build.0 = Debug|Any CPU
		{A08EF512-F9F7-4F30-AE92-74F7E737DD69}.Release|Any CPU.ActiveCfg = Release|Any CPU
		{A08EF512-F9F7-4F30-AE92-74F7E737DD69}.Release|Any CPU.Build.0 = Release|Any CPU
		{FFCCC93C-44EC-4584-B91F-47A4D78A0166}.Debug|Any CPU.ActiveCfg = Debug|Any CPU
		{FFCCC93C-44EC-4584-B91F-47A4D78A0166}.Debug|Any CPU.Build.0 = Debug|Any CPU
		{FFCCC93C-44EC-4584-B91F-47A4D78A0166}.Release|Any CPU.ActiveCfg = Release|Any CPU
		{FFCCC93C-44EC-4584-B91F-47A4D78A0166}.Release|Any CPU.Build.0 = Release|Any CPU
		{8CEADD4B-60C7-4BFE-92FC-4D59A1DDDD6D}.Debug|Any CPU.ActiveCfg = Debug|Any CPU
		{8CEADD4B-60C7-4BFE-92FC-4D59A1DDDD6D}.Debug|Any CPU.Build.0 = Debug|Any CPU
		{8CEADD4B-60C7-4BFE-92FC-4D59A1DDDD6D}.Release|Any CPU.ActiveCfg = Release|Any CPU
		{8CEADD4B-60C7-4BFE-92FC-4D59A1DDDD6D}.Release|Any CPU.Build.0 = Release|Any CPU
	EndGlobalSection
	GlobalSection(SolutionProperties) = preSolution
		HideSolutionNode = FALSE
	EndGlobalSection
EndGlobal
